# THIS IS AN AUTOGENERATED FILE. DO NOT EDIT THIS FILE DIRECTLY.
# yarn lockfile v1


core-util-is@~1.0.0:
  version "1.0.2"
  resolved "https://registry.yarnpkg.com/core-util-is/-/core-util-is-1.0.2.tgz#b5fd54220aa2bc5ab57aab7140c940754503c1a7"

dwv@0.26.2:
  version "0.26.2"
  resolved "https://registry.yarnpkg.com/dwv/-/dwv-0.26.2.tgz#ff98d73ea4a1922ed861928c71485752f455eb62"
  integrity sha512-wKgWQtpvX5BeGpjIS8vXPrqohaaqYgG5qEuWpfaOHpYZiOFUjCyeMSse4VfuFlhIHizqkRzqTPg1Eur0GL843Q==
  dependencies:
    i18next "~12.1.0"
    i18next-browser-languagedetector "~3.0.0"
    i18next-xhr-backend "~2.0.0"
    jszip "~3.2.0"
    konva "~2.6.0"
    magic-wand-js "~1.0.0"

i18next-browser-languagedetector@~3.0.0:
  version "3.0.1"
  resolved "https://registry.yarnpkg.com/i18next-browser-languagedetector/-/i18next-browser-languagedetector-3.0.1.tgz#a47c43176e8412c91e808afb7c6eb5367649aa8e"
  integrity sha512-WFjPLNPWl62uu07AHY2g+KsC9qz0tyMq+OZEB/H7N58YKL/JLiCz9U709gaR20Mule/Ppn+uyfVx5REJJjn1HA==

i18next-xhr-backend@~2.0.0:
  version "2.0.1"
  resolved "https://registry.yarnpkg.com/i18next-xhr-backend/-/i18next-xhr-backend-2.0.1.tgz#7af735ee1b0c6d4ce49fa5756591040a0fba6db7"
  integrity sha512-CP0XPjJsTE4hY1rM1KXFYo63Ib61EBLEcTvMDyJwr0vs9p/UTuA3ENCmzSs9+ghZgWSjdOigc0oUERHaxctbsQ==

i18next@~12.1.0:
  version "12.1.0"
  resolved "https://registry.yarnpkg.com/i18next/-/i18next-12.1.0.tgz#387bf4b94d05b0160b6a41d001a6b360e384bdb1"
  integrity sha512-AexmwGkKxwKfo5fGeXTWEY4xqzRPigQ1S/0InOUUVziGO54cd4fKyYK8ED1Thx9fd+WA3fRSZ+1iekvFQMbsFw==

immediate@~3.0.5:
  version "3.0.6"
  resolved "https://registry.yarnpkg.com/immediate/-/immediate-3.0.6.tgz#9db1dbd0faf8de6fbe0f5dd5e56bb606280de69b"

inherits@~2.0.3:
  version "2.0.3"
  resolved "https://registry.yarnpkg.com/inherits/-/inherits-2.0.3.tgz#633c2c83e3da42a502f52466022480f4208261de"
  integrity sha1-Yzwsg+PaQqUC9SRmAiSA9CCCYd4=

isarray@~1.0.0:
  version "1.0.0"
  resolved "https://registry.yarnpkg.com/isarray/-/isarray-1.0.0.tgz#bb935d48582cba168c06834957a54a3e07124f11"

jszip@~3.2.0:
  version "3.2.1"
  resolved "https://registry.yarnpkg.com/jszip/-/jszip-3.2.1.tgz#c5d32df7274042282b157efb16e522b43435e01a"
  integrity sha512-iCMBbo4eE5rb1VCpm5qXOAaUiRKRUKiItn8ah2YQQx9qymmSAY98eyQfioChEYcVQLh0zxJ3wS4A0mh90AVPvw==
  dependencies:
    lie "~3.3.0"
    pako "~1.0.2"
    readable-stream "~2.3.6"
    set-immediate-shim "~1.0.1"

konva@~2.6.0:
  version "2.6.0"
  resolved "https://registry.yarnpkg.com/konva/-/konva-2.6.0.tgz#43165b95e32a4378ce532d9113c914f4998409c3"
  integrity sha512-LCOoavICTD9PYoAqtWo8sbxYtCiXdgEeY7vj/Sq8b2bwFmrQr9Ak0RkD4/jxAf5fcUQRL5e1zPLyfRpVndp20A==

lie@~3.3.0:
  version "3.3.0"
  resolved "https://registry.yarnpkg.com/lie/-/lie-3.3.0.tgz#dcf82dee545f46074daf200c7c1c5a08e0f40f6a"
  integrity sha512-UaiMJzeWRlEujzAuw5LokY1L5ecNQYZKfmyZ9L7wDHb/p5etKaxXhohBcrw0EYby+G/NA52vRSN4N39dxHAIwQ==
  dependencies:
    immediate "~3.0.5"

magic-wand-js@~1.0.0:
  version "1.0.0"
  resolved "https://registry.yarnpkg.com/magic-wand-js/-/magic-wand-js-1.0.0.tgz#fe3bb6f7392ab1dd3aab231dfc1e010ad65a0061"

pako@~1.0.2:
  version "1.0.6"
  resolved "https://registry.yarnpkg.com/pako/-/pako-1.0.6.tgz#0101211baa70c4bca4a0f63f2206e97b7dfaf258"

process-nextick-args@~2.0.0:
  version "2.0.0"
  resolved "https://registry.yarnpkg.com/process-nextick-args/-/process-nextick-args-2.0.0.tgz#a37d732f4271b4ab1ad070d35508e8290788ffaa"
  integrity sha512-MtEC1TqN0EU5nephaJ4rAtThHtC86dNN9qCuEhtshvpVBkAW5ZO7BASN9REnF9eoXGcRub+pFuKEpOHE+HbEMw==

readable-stream@~2.3.6:
  version "2.3.6"
  resolved "https://registry.yarnpkg.com/readable-stream/-/readable-stream-2.3.6.tgz#b11c27d88b8ff1fbe070643cf94b0c79ae1b0aaf"
  integrity sha512-tQtKA9WIAhBF3+VLAseyMqZeBjW0AHJoxOtYqSUZNJxauErmLbVm2FW1y+J/YA9dUrAC39ITejlZWhVIwawkKw==
  dependencies:
    core-util-is "~1.0.0"
    inherits "~2.0.3"
    isarray "~1.0.0"
    process-nextick-args "~2.0.0"
    safe-buffer "~5.1.1"
    string_decoder "~1.1.1"
    util-deprecate "~1.0.1"

safe-buffer@~5.1.0, safe-buffer@~5.1.1:
  version "5.1.2"
  resolved "https://registry.yarnpkg.com/safe-buffer/-/safe-buffer-5.1.2.tgz#991ec69d296e0313747d59bdfd2b745c35f8828d"
  integrity sha512-Gd2UZBJDkXlY7GbJxfsE8/nvKkUEU1G38c1siN6QP6a9PT9MmHB8GnpscSmMJSoF8LOIrt8ud/wPtojys4G6+g==

set-immediate-shim@~1.0.1:
  version "1.0.1"
  resolved "https://registry.yarnpkg.com/set-immediate-shim/-/set-immediate-shim-1.0.1.tgz#4b2b1b27eb808a9f8dcc481a58e5e56f599f3f61"
  integrity sha1-SysbJ+uAip+NzEgaWOXlb1mfP2E=

string_decoder@~1.1.1:
  version "1.1.1"
  resolved "https://registry.yarnpkg.com/string_decoder/-/string_decoder-1.1.1.tgz#9cf1611ba62685d7030ae9e4ba34149c3af03fc8"
  integrity sha512-n/ShnvDi6FHbbVfviro+WojiFzv+s8MPMHBczVePfUpDJLwoLT0ht1l4YwBCbi8pJAveEEdnkHyPyTP/mzRfwg==
  dependencies:
    safe-buffer "~5.1.0"

util-deprecate@~1.0.1:
  version "1.0.2"
  resolved "https://registry.yarnpkg.com/util-deprecate/-/util-deprecate-1.0.2.tgz#450d4dc9fa70de732762fbd2d4a28981419a0ccf"
